// !$*UTF8*$!
{
	archiveVersion = 1;
	classes = {
	};
	objectVersion = 46;
	objects = {

/* Begin PBXBuildFile section */
		EDE342161DD3D4D3009BCE54 /* AppDelegate.swift in Sources */ = {isa = PBXBuildFile; fileRef = EDE342151DD3D4D3009BCE54 /* AppDelegate.swift */; };
		EDE342181DD3D4D3009BCE54 /* ViewController.swift in Sources */ = {isa = PBXBuildFile; fileRef = EDE342171DD3D4D3009BCE54 /* ViewController.swift */; };
		EDE3421B1DD3D4D3009BCE54 /* Main.storyboard in Resources */ = {isa = PBXBuildFile; fileRef = EDE342191DD3D4D3009BCE54 /* Main.storyboard */; };
		EDE3421D1DD3D4D3009BCE54 /* Assets.xcassets in Resources */ = {isa = PBXBuildFile; fileRef = EDE3421C1DD3D4D3009BCE54 /* Assets.xcassets */; };
		EDE342201DD3D4D3009BCE54 /* LaunchScreen.storyboard in Resources */ = {isa = PBXBuildFile; fileRef = EDE3421E1DD3D4D3009BCE54 /* LaunchScreen.storyboard */; };
		EDE342291DD3D7A4009BCE54 /* example.json in Resources */ = {isa = PBXBuildFile; fileRef = EDE342281DD3D7A4009BCE54 /* example.json */; };
/* End PBXBuildFile section */

/* Begin PBXFileReference section */
		EDE342121DD3D4D3009BCE54 /* JSONExample.app */ = {isa = PBXFileReference; explicitFileType = wrapper.application; includeInIndex = 0; path = JSONExample.app; sourceTree = BUILT_PRODUCTS_DIR; };
		EDE342151DD3D4D3009BCE54 /* AppDelegate.swift */ = {isa = PBXFileReference; lastKnownFileType = sourcecode.swift; path = AppDelegate.swift; sourceTree = "<group>"; };
		EDE342171DD3D4D3009BCE54 /* ViewController.swift */ = {isa = PBXFileReference; lastKnownFileType = sourcecode.swift; path = ViewController.swift; sourceTree = "<group>"; };
		EDE3421A1DD3D4D3009BCE54 /* Base */ = {isa = PBXFileReference; lastKnownFileType = file.storyboard; name = Base; path = Base.lproj/Main.storyboard; sourceTree = "<group>"; };
		EDE3421C1DD3D4D3009BCE54 /* Assets.xcassets */ = {isa = PBXFileReference; lastKnownFileType = folder.assetcatalog; path = Assets.xcassets; sourceTree = "<group>"; };
		EDE3421F1DD3D4D3009BCE54 /* Base */ = {isa = PBXFileReference; lastKnownFileType = file.storyboard; name = Base; path = Base.lproj/LaunchScreen.storyboard; sourceTree = "<group>"; };
		EDE342211DD3D4D3009BCE54 /* Info.plist */ = {isa = PBXFileReference; lastKnownFileType = text.plist.xml; path = Info.plist; sourceTree = "<group>"; };
		EDE342281DD3D7A4009BCE54 /* example.json */ = {isa = PBXFileReference; fileEncoding = 4; lastKnownFileType = text.json; path = example.json; sourceTree = SOURCE_ROOT; };
/* End PBXFileReference section */

/* Begin PBXFrameworksBuildPhase section */
		EDE3420F1DD3D4D3009BCE54 /* Frameworks */ = {
			isa = PBXFrameworksBuildPhase;
			buildActionMask = 2147483647;
			files = (
			);
			runOnlyForDeploymentPostprocessing = 0;
		};
/* End PBXFrameworksBuildPhase section */

/* Begin PBXGroup section */
		EDE342091DD3D4D3009BCE54 = {
			isa = PBXGroup;
			children = (
				EDE342141DD3D4D3009BCE54 /* JSONExample */,
				EDE342131DD3D4D3009BCE54 /* Products */,
			);
			sourceTree = "<group>";
		};
		EDE342131DD3D4D3009BCE54 /* Products */ = {
			isa = PBXGroup;
			children = (
				EDE342121DD3D4D3009BCE54 /* JSONExample.app */,
			);
			name = Products;
			sourceTree = "<group>";
		};
		EDE342141DD3D4D3009BCE54 /* JSONExample */ = {
			isa = PBXGroup;
			children = (
				EDE342151DD3D4D3009BCE54 /* AppDelegate.swift */,
				EDE342171DD3D4D3009BCE54 /* ViewController.swift */,
				EDE342271DD3D4DC009BCE54 /* Supporting File */,
			);
			path = JSONExample;
			sourceTree = "<group>";
		};
		EDE342271DD3D4DC009BCE54 /* Supporting File */ = {
			isa = PBXGroup;
			children = (
				EDE342281DD3D7A4009BCE54 /* example.json */,
				EDE342191DD3D4D3009BCE54 /* Main.storyboard */,
				EDE3421C1DD3D4D3009BCE54 /* Assets.xcassets */,
				EDE3421E1DD3D4D3009BCE54 /* LaunchScreen.storyboard */,
				EDE342211DD3D4D3009BCE54 /* Info.plist */,
			);
			name = "Supporting File";
			sourceTree = "<group>";
		};
/* End PBXGroup section */

/* Begin PBXNativeTarget section */
		EDE342111DD3D4D3009BCE54 /* JSONExample */ = {
			isa = PBXNativeTarget;
			buildConfigurationList = EDE342241DD3D4D3009BCE54 /* Build configuration list for PBXNativeTarget "JSONExample" */;
			buildPhases = (
				EDE3420E1DD3D4D3009BCE54 /* Sources */,
				EDE3420F1DD3D4D3009BCE54 /* Frameworks */,
				EDE342101DD3D4D3009BCE54 /* Resources */,
			);
			buildRules = (
			);
			dependencies = (
			);
			name = JSONExample;
			productName = JSONExample;
			productReference = EDE342121DD3D4D3009BCE54 /* JSONExample.app */;
			productType = "com.apple.product-type.application";
		};
/* End PBXNativeTarget section */

/* Begin PBXProject section */
		EDE3420A1DD3D4D3009BCE54 /* Project object */ = {
			isa = PBXProject;
			attributes = {
				LastSwiftUpdateCheck = 0810;
				LastUpgradeCheck = 0810;
				ORGANIZATIONNAME = "Juan Gabriel Lievano";
				TargetAttributes = {
					EDE342111DD3D4D3009BCE54 = {
						CreatedOnToolsVersion = 8.1;
						DevelopmentTeam = YZES4W93E9;
						ProvisioningStyle = Automatic;
					};
				};
			};
			buildConfigurationList = EDE3420D1DD3D4D3009BCE54 /* Build configuration list for PBXProject "JSONExample" */;
			compatibilityVersion = "Xcode 3.2";
			developmentRegion = English;
			hasScannedForEncodings = 0;
			knownRegions = (
				en,
				Base,
			);
			mainGroup = EDE342091DD3D4D3009BCE54;
			productRefGroup = EDE342131DD3D4D3009BCE54 /* Products */;
			projectDirPath = "";
			projectRoot = "";
			targets = (
				EDE342111DD3D4D3009BCE54 /* JSONExample */,
			);
		};
/* End PBXProject section */

/* Begin PBXResourcesBuildPhase section */
		EDE342101DD3D4D3009BCE54 /* Resources */ = {
			isa = PBXResourcesBuildPhase;
			buildActionMask = 2147483647;
			files = (
				EDE342291DD3D7A4009BCE54 /* example.json in Resources */,
				EDE342201DD3D4D3009BCE54 /* LaunchScreen.storyboard in Resources */,
				EDE3421D1DD3D4D3009BCE54 /* Assets.xcassets in Resources */,
				EDE3421B1DD3D4D3009BCE54 /* Main.storyboard in Resources */,
			);
			runOnlyForDeploymentPostprocessing = 0;
		};
/* End PBXResourcesBuildPhase section */

/* Begin PBXSourcesBuildPhase section */
		EDE3420E1DD3D4D3009BCE54 /* Sources */ = {
			isa = PBXSourcesBuildPhase;
			buildActionMask = 2147483647;
			files = (
				EDE342181DD3D4D3009BCE54 /* ViewController.swift in Sources */,
				EDE342161DD3D4D3009BCE54 /* AppDelegate.swift in Sources */,
			);
			runOnlyForDeploymentPostprocessing = 0;
		};
/* End PBXSourcesBuildPhase section */

/* Begin PBXVariantGroup section */
		EDE342191DD3D4D3009BCE54 /* Main.storyboard */ = {
			isa = PBXVariantGroup;
			children = (
				EDE3421A1DD3D4D3009BCE54 /* Base */,
			);
			name = Main.storyboard;
			sourceTree = "<group>";
		};
		EDE3421E1DD3D4D3009BCE54 /* LaunchScreen.storyboard */ = {
			isa = PBXVariantGroup;
			children = (
				EDE3421F1DD3D4D3009BCE54 /* Base */,
			);
			name = LaunchScreen.storyboard;
			sourceTree = "<group>";
		};
/* End PBXVariantGroup section */

/* Begin XCBuildConfiguration section */
		EDE342221DD3D4D3009BCE54 /* Debug */ = {
			isa = XCBuildConfiguration;
			buildSettings = {
				ALWAYS_SEARCH_USER_PATHS = NO;
				CLANG_ANALYZER_NONNULL = YES;
				CLANG_CXX_LANGUAGE_STANDARD = "gnu++0x";
				CLANG_CXX_LIBRARY = "libc++";
				CLANG_ENABLE_MODULES = YES;
				CLANG_ENABLE_OBJC_ARC = YES;
				CLANG_WARN_BOOL_CONVERSION = YES;
				CLANG_WARN_CONSTANT_CONVERSION = YES;
				CLANG_WARN_DIRECT_OBJC_ISA_USAGE = YES_ERROR;
				CLANG_WARN_DOCUMENTATION_COMMENTS = YES;
				CLANG_WARN_EMPTY_BODY = YES;
				CLANG_WARN_ENUM_CONVERSION = YES;
				CLANG_WARN_INFINITE_RECURSION = YES;
				CLANG_WARN_INT_CONVERSION = YES;
				CLANG_WARN_OBJC_ROOT_CLASS = YES_ERROR;
				CLANG_WARN_SUSPICIOUS_MOVES = YES;
				CLANG_WARN_UNREACHABLE_CODE = YES;
				CLANG_WARN__DUPLICATE_METHOD_MATCH = YES;
				"CODE_SIGN_IDENTITY[sdk=iphoneos*]" = "iPhone Developer";
				COPY_PHASE_STRIP = NO;
				DEBUG_INFORMATION_FORMAT = dwarf;
				ENABLE_STRICT_OBJC_MSGSEND = YES;
				ENABLE_TESTABILITY = YES;
				GCC_C_LANGUAGE_STANDARD = gnu99;
				GCC_DYNAMIC_NO_PIC = NO;
				GCC_NO_COMMON_BLOCKS = YES;
				GCC_OPTIMIZATION_LEVEL = 0;
				GCC_PREPROCESSOR_DEFINITIONS = (
					"DEBUG=1",
					"$(inherited)",
				);
				GCC_WARN_64_TO_32_BIT_CONVERSION = YES;
				GCC_WARN_ABOUT_RETURN_TYPE = YES_ERROR;
				GCC_WARN_UNDECLARED_SELECTOR = YES;
				GCC_WARN_UNINITIALIZED_AUTOS = YES_AGGRESSIVE;
				GCC_WARN_UNUSED_FUNCTION = YES;
				GCC_WARN_UNUSED_VARIABLE = YES;
				IPHONEOS_DEPLOYMENT_TARGET = 10.1;
				MTL_ENABLE_DEBUG_INFO = YES;
				ONLY_ACTIVE_ARCH = YES;
				SDKROOT = iphoneos;
				SWIFT_ACTIVE_COMPILATION_CONDITIONS = DEBUG;
				SWIFT_OPTIMIZATION_LEVEL = "-Onone";
				TARGETED_DEVICE_FAMILY = "1,2";
			};
			name = Debug;
		};
		EDE342231DD3D4D3009BCE54 /* Release */ = {
			isa = XCBuildConfiguration;
			buildSettings = {
				ALWAYS_SEARCH_USER_PATHS = NO;
				CLANG_ANALYZER_NONNULL = YES;
				CLANG_CXX_LANGUAGE_STANDARD = "gnu++0x";
				CLANG_CXX_LIBRARY = "libc++";
				CLANG_ENABLE_MODULES = YES;
				CLANG_ENABLE_OBJC_ARC = YES;
				CLANG_WARN_BOOL_CONVERSION = YES;
				CLANG_WARN_CONSTANT_CONVERSION = YES;
				CLANG_WARN_DIRECT_OBJC_ISA_USAGE = YES_ERROR;
				CLANG_WARN_DOCUMENTATION_COMMENTS = YES;
				CLANG_WARN_EMPTY_BODY = YES;
				CLANG_WARN_ENUM_CONVERSION = YES;
				CLANG_WARN_INFINITE_RECURSION = YES;
				CLANG_WARN_INT_CONVERSION = YES;
				CLANG_WARN_OBJC_ROOT_CLASS = YES_ERROR;
				CLANG_WARN_SUSPICIOUS_MOVES = YES;
				CLANG_WARN_UNREACHABLE_CODE = YES;
				CLANG_WARN__DUPLICATE_METHOD_MATCH = YES;
				"CODE_SIGN_IDENTITY[sdk=iphoneos*]" = "iPhone Developer";
				COPY_PHASE_STRIP = NO;
				DEBUG_INFORMATION_FORMAT = "dwarf-with-dsym";
				ENABLE_NS_ASSERTIONS = NO;
				ENABLE_STRICT_OBJC_MSGSEND = YES;
				GCC_C_LANGUAGE_STANDARD = gnu99;
				GCC_NO_COMMON_BLOCKS = YES;
				GCC_WARN_64_TO_32_BIT_CONVERSION = YES;
				GCC_WARN_ABOUT_RETURN_TYPE = YES_ERROR;
				GCC_WARN_UNDECLARED_SELECTOR = YES;
				GCC_WARN_UNINITIALIZED_AUTOS = YES_AGGRESSIVE;
				GCC_WARN_UNUSED_FUNCTION = YES;
				GCC_WARN_UNUSED_VARIABLE = YES;
				IPHONEOS_DEPLOYMENT_TARGET = 10.1;
				MTL_ENABLE_DEBUG_INFO = NO;
				SDKROOT = iphoneos;
				SWIFT_OPTIMIZATION_LEVEL = "-Owholemodule";
				TARGETED_DEVICE_FAMILY = "1,2";
				VALIDATE_PRODUCT = YES;
			};
			name = Release;
		};
		EDE342251DD3D4D3009BCE54 /* Debug */ = {
			isa = XCBuildConfiguration;
			buildSettings = {
				ASSETCATALOG_COMPILER_APPICON_NAME = AppIcon;
				DEVELOPMENT_TEAM = YZES4W93E9;
				INFOPLIST_FILE = JSONExample/Info.plist;
				LD_RUNPATH_SEARCH_PATHS = "$(inherited) @executable_path/Frameworks";
				PRODUCT_BUNDLE_IDENTIFIER = me.jglievano.JSONExample;
				PRODUCT_NAME = "$(TARGET_NAME)";
				SWIFT_VERSION = 3.0;
			};
			name = Debug;
		};
		EDE342261DD3D4D3009BCE54 /* Release */ = {
			isa = XCBuildConfiguration;
			buildSettings = {
				ASSETCATALOG_COMPILER_APPICON_NAME = AppIcon;
				DEVELOPMENT_TEAM = YZES4W93E9;
				INFOPLIST_FILE = JSONExample/Info.plist;
				LD_RUNPATH_SEARCH_PATHS = "$(inherited) @executable_path/Frameworks";
				PRODUCT_BUNDLE_IDENTIFIER = me.jglievano.JSONExample;
				PRODUCT_NAME = "$(TARGET_NAME)";
				SWIFT_VERSION = 3.0;
			};
			name = Release;
		};
/* End XCBuildConfiguration section */

/* Begin XCConfigurationList section */
		EDE3420D1DD3D4D3009BCE54 /* Build configuration list for PBXProject "JSONExample" */ = {
			isa = XCConfigurationList;
			buildConfigurations = (
				EDE342221DD3D4D3009BCE54 /* Debug */,
				EDE342231DD3D4D3009BCE54 /* Release */,
			);
			defaultConfigurationIsVisible = 0;
			defaultConfigurationName = Release;
		};
		EDE342241DD3D4D3009BCE54 /* Build configuration list for PBXNativeTarget "JSONExample" */ = {
			isa = XCConfigurationList;
			buildConfigurations = (
				EDE342251DD3D4D3009BCE54 /* Debug */,
				EDE342261DD3D4D3009BCE54 /* Release */,
			);
			defaultConfigurationIsVisible = 0;
		};
/* End XCConfigurationList section */
	};
	rootObject = EDE3420A1DD3D4D3009BCE54 /* Project object */;
}
